
Microsoft Visual Studio Solution File, Format Version 12.00
# Visual Studio Version 17
VisualStudioVersion = 17.11.35303.130
MinimumVisualStudioVersion = 10.0.40219.1
Project("{FAE04EC0-301F-11D3-BF4B-00C04F79EFBC}") = "Tunierplaner", "Tunierplaner.csproj", "{8849708A-CAE7-4EC8-8B82-790787F0F901}"
EndProject
Global
	GlobalSection(SolutionConfigurationPlatforms) = preSolution
		Debug|Any CPU = Debug|Any CPU
		Release|Any CPU = Release|Any CPU
	EndGlobalSection
	GlobalSection(ProjectConfigurationPlatforms) = postSolution
		{8849708A-CAE7-4EC8-8B82-790787F0F901}.Debug|Any CPU.ActiveCfg = Debug|Any CPU
		{8849708A-CAE7-4EC8-8B82-790787F0F901}.Debug|Any CPU.Build.0 = Debug|Any CPU
		{8849708A-CAE7-4EC8-8B82-790787F0F901}.Release|Any CPU.ActiveCfg = Release|Any CPU
		{8849708A-CAE7-4EC8-8B82-790787F0F901}.Release|Any CPU.Build.0 = Release|Any CPU
	EndGlobalSection
	GlobalSection(SolutionProperties) = preSolution
		HideSolutionNode = FALSE
	EndGlobalSection
	GlobalSection(ExtensibilityGlobals) = postSolution
		SolutionGuid = {AD52309C-4616-43B7-A452-67CD09D49179}
	EndGlobalSection
EndGlobal
